<?xml version="1.0" encoding="utf-8"?>
<Project ToolsVersion="4.0" xmlns="http://schemas.microsoft.com/developer/msbuild/2003">
  <ItemGroup>
    <Filter Include="Source Files">
      <UniqueIdentifier>{4FC737F1-C7A5-4376-A066-2A32D752A2FF}</UniqueIdentifier>
      <Extensions>cpp;c;cc;cxx;def;odl;idl;hpj;bat;asm;asmx</Extensions>
    </Filter>
    <Filter Include="Header Files">
      <UniqueIdentifier>{93995380-89BD-4b04-88EB-625FBE52EBFB}</UniqueIdentifier>
      <Extensions>h;hh;hpp;hxx;hm;inl;inc;ipp;xsd</Extensions>
    </Filter>
    <Filter Include="Resource Files">
      <UniqueIdentifier>{67DA6AB6-F800-4c08-8B7A-83BB121AAD01}</UniqueIdentifier>
      <Extensions>rc;ico;cur;bmp;dlg;rc2;rct;bin;rgs;gif;jpg;jpeg;jpe;resx;tiff;tif;png;wav;mfcribbon-ms</Extensions>
    </Filter>
    <Filter Include="Source Files\Chapter3">
      <UniqueIdentifier>{9e563c40-0f14-404e-99a9-970c8ee00f8e}</UniqueIdentifier>
    </Filter>
    <Filter Include="Source Files\Chapter4">
      <UniqueIdentifier>{aa1b131b-eabe-4284-b37d-49cbba044fe7}</UniqueIdentifier>
    </Filter>
    <Filter Include="Source Files\Chapter5">
      <UniqueIdentifier>{d2eba451-30e9-4a5b-a1f6-305d17929c22}</UniqueIdentifier>
    </Filter>
  </ItemGroup>
  <ItemGroup>
    <MASM Include="3_1_IntegerExpressionCalculation.asm">
      <Filter>Source Files\Chapter3</Filter>
    </MASM>
    <MASM Include="3_2_SymbolicIntegerConstants.asm">
      <Filter>Source Files\Chapter3</Filter>
    </MASM>
    <MASM Include="4_1_ConvertingfromBigEndiantoLittleEndian.asm">
      <Filter>Source Files\Chapter4</Filter>
    </MASM>
    <MASM Include="4_2_ExchangingPairsofArrayValues.asm">
      <Filter>Source Files\Chapter4</Filter>
    </MASM>
    <MASM Include="4_3_SummingtheGapsbetweenArrayValues.asm">
      <Filter>Source Files\Chapter4</Filter>
    </MASM>
    <MASM Include="4_4_CopyingaWordArraytoaDoubleWordarray.asm">
      <Filter>Source Files\Chapter4</Filter>
    </MASM>
    <MASM Include="4_5_FibonacciNumbers.asm">
      <Filter>Source Files\Chapter4</Filter>
    </MASM>
    <MASM Include="4_6_ReverseanArray.asm">
      <Filter>Source Files\Chapter4</Filter>
    </MASM>
    <MASM Include="4_7_CopyaStringinReverseOrder.asm">
      <Filter>Source Files\Chapter4</Filter>
    </MASM>
    <MASM Include="4_8_ShiftingtheElementsinanArray.asm">
      <Filter>Source Files\Chapter4</Filter>
    </MASM>
    <MASM Include="5_1_DrawTextColours.asm">
      <Filter>Source Files\Chapter5</Filter>
    </MASM>
  </ItemGroup>
</Project>